
Microsoft Visual Studio Solution File, Format Version 12.00
# Visual Studio Version 17
VisualStudioVersion = 17.9.34607.119
MinimumVisualStudioVersion = 10.0.40219.1
Project("{FAE04EC0-301F-11D3-BF4B-00C04F79EFBC}") = "CryptoLabs", "CryptoLabs\CryptoLabs.csproj", "{FFA66F28-F368-47F1-948D-B636D183F36A}"
EndProject
Global
	GlobalSection(SolutionConfigurationPlatforms) = preSolution
		Debug|Any CPU = Debug|Any CPU
		Release|Any CPU = Release|Any CPU
	EndGlobalSection
	GlobalSection(ProjectConfigurationPlatforms) = postSolution
		{FFA66F28-F368-47F1-948D-B636D183F36A}.Debug|Any CPU.ActiveCfg = Debug|Any CPU
		{FFA66F28-F368-47F1-948D-B636D183F36A}.Debug|Any CPU.Build.0 = Debug|Any CPU
		{FFA66F28-F368-47F1-948D-B636D183F36A}.Release|Any CPU.ActiveCfg = Release|Any CPU
		{FFA66F28-F368-47F1-948D-B636D183F36A}.Release|Any CPU.Build.0 = Release|Any CPU
	EndGlobalSection
	GlobalSection(SolutionProperties) = preSolution
		HideSolutionNode = FALSE
	EndGlobalSection
	GlobalSection(ExtensibilityGlobals) = postSolution
		SolutionGuid = {E7302211-263B-4774-8A65-5745DDD15B4C}
	EndGlobalSection
EndGlobal
