
Microsoft Visual Studio Solution File, Format Version 12.00
# Visual Studio Version 17
VisualStudioVersion = 17.11.35327.3
MinimumVisualStudioVersion = 10.0.40219.1
Project("{FAE04EC0-301F-11D3-BF4B-00C04F79EFBC}") = "CryptoLab2", "CryptoLab2\CryptoLab2.csproj", "{370E128D-5925-4CC3-8E07-7CD2952532EE}"
EndProject
Global
	GlobalSection(SolutionConfigurationPlatforms) = preSolution
		Debug|Any CPU = Debug|Any CPU
		Release|Any CPU = Release|Any CPU
	EndGlobalSection
	GlobalSection(ProjectConfigurationPlatforms) = postSolution
		{370E128D-5925-4CC3-8E07-7CD2952532EE}.Debug|Any CPU.ActiveCfg = Debug|Any CPU
		{370E128D-5925-4CC3-8E07-7CD2952532EE}.Debug|Any CPU.Build.0 = Debug|Any CPU
		{370E128D-5925-4CC3-8E07-7CD2952532EE}.Release|Any CPU.ActiveCfg = Release|Any CPU
		{370E128D-5925-4CC3-8E07-7CD2952532EE}.Release|Any CPU.Build.0 = Release|Any CPU
	EndGlobalSection
	GlobalSection(SolutionProperties) = preSolution
		HideSolutionNode = FALSE
	EndGlobalSection
	GlobalSection(ExtensibilityGlobals) = postSolution
		SolutionGuid = {D0C9511F-4E52-486D-A937-E7AD895F3900}
	EndGlobalSection
EndGlobal
